
Microsoft Visual Studio Solution File, Format Version 12.00
# Visual Studio 15
VisualStudioVersion = 15.0.27130.2010
MinimumVisualStudioVersion = 10.0.40219.1
Project("{FAE04EC0-321F-11D3-BF4B-00C04F79EFBC}") = "RetailDiagnostics", "RetailDiagnostics\RetailDiagnostics.csproj", "{5F315B38-863D-42B2-9339-D767B8937D04}"
EndProject
Global
	GlobalSection(SolutionConfigurationPlatforms) = preSolution
		Debug|Any CPU = Debug|Any CPU
		Release|Any CPU = Release|Any CPU
	EndGlobalSection
	GlobalSection(ProjectConfigurationPlatforms) = postSolution
		{5F315B38-863D-42B2-9339-D767B8937D04}.Debug|Any CPU.ActiveCfg = Debug|Any CPU
		{5F315B38-863D-42B2-9339-D767B8937D04}.Debug|Any CPU.Build.0 = Debug|Any CPU
		{5F315B38-863D-42B2-9339-D767B8937D04}.Release|Any CPU.ActiveCfg = Release|Any CPU
		{5F315B38-863D-42B2-9339-D767B8937D04}.Release|Any CPU.Build.0 = Release|Any CPU
	EndGlobalSection
	GlobalSection(SolutionProperties) = preSolution
		HideSolutionNode = FALSE
	EndGlobalSection
	GlobalSection(ExtensibilityGlobals) = postSolution
		SolutionGuid = {B35160C2-04E9-49BB-A4C2-FFC86E8C46E8}
	EndGlobalSection
EndGlobal
